
Microsoft Visual Studio Solution File, Format Version 12.00
# Visual Studio Version 16
VisualStudioVersion = 16.0.29519.181
MinimumVisualStudioVersion = 10.0.40219.1
Project("{9A19103F-16F7-4668-BE54-9A1E7A4F7556}") = "MultiThreading", "MultiThreading.csproj", "{1838824F-8BDE-46CC-B9E0-7A2F9D8AFEFB}"
EndProject
Project("{FAE04EC0-301F-11D3-BF4B-00C04F79EFBC}") = "TestWebApplication", "TestWebApplication\TestWebApplication.csproj", "{F6490E36-2C89-406B-B283-331D77102D13}"
EndProject
Global
	GlobalSection(SolutionConfigurationPlatforms) = preSolution
		Debug|Any CPU = Debug|Any CPU
		Release|Any CPU = Release|Any CPU
	EndGlobalSection
	GlobalSection(ProjectConfigurationPlatforms) = postSolution
		{1838824F-8BDE-46CC-B9E0-7A2F9D8AFEFB}.Debug|Any CPU.ActiveCfg = Debug|Any CPU
		{1838824F-8BDE-46CC-B9E0-7A2F9D8AFEFB}.Debug|Any CPU.Build.0 = Debug|Any CPU
		{1838824F-8BDE-46CC-B9E0-7A2F9D8AFEFB}.Release|Any CPU.ActiveCfg = Release|Any CPU
		{1838824F-8BDE-46CC-B9E0-7A2F9D8AFEFB}.Release|Any CPU.Build.0 = Release|Any CPU
		{F6490E36-2C89-406B-B283-331D77102D13}.Debug|Any CPU.ActiveCfg = Debug|Any CPU
		{F6490E36-2C89-406B-B283-331D77102D13}.Debug|Any CPU.Build.0 = Debug|Any CPU
		{F6490E36-2C89-406B-B283-331D77102D13}.Release|Any CPU.ActiveCfg = Release|Any CPU
		{F6490E36-2C89-406B-B283-331D77102D13}.Release|Any CPU.Build.0 = Release|Any CPU
	EndGlobalSection
	GlobalSection(SolutionProperties) = preSolution
		HideSolutionNode = FALSE
	EndGlobalSection
	GlobalSection(ExtensibilityGlobals) = postSolution
		SolutionGuid = {908F843C-DCD5-44A8-AA8F-96DEA0D40F57}
	EndGlobalSection
EndGlobal
